
Microsoft Visual Studio Solution File, Format Version 12.00
# Visual Studio Version 17
VisualStudioVersion = 17.7.34031.279
MinimumVisualStudioVersion = 10.0.40219.1
Project("{FAE04EC0-301F-11D3-BF4B-00C04F79EFBC}") = "SOAP", "SOAP\SOAP.csproj", "{89E27946-1A56-40F8-BF2A-08D09340D6DE}"
EndProject
Project("{FAE04EC0-301F-11D3-BF4B-00C04F79EFBC}") = "Client", "Client\Client.csproj", "{4980D082-87B4-4F70-9D04-DFAC56B86556}"
	ProjectSection(ProjectDependencies) = postProject
		{89E27946-1A56-40F8-BF2A-08D09340D6DE} = {89E27946-1A56-40F8-BF2A-08D09340D6DE}
	EndProjectSection
EndProject
Global
	GlobalSection(SolutionConfigurationPlatforms) = preSolution
		Debug|Any CPU = Debug|Any CPU
		Release|Any CPU = Release|Any CPU
	EndGlobalSection
	GlobalSection(ProjectConfigurationPlatforms) = postSolution
		{89E27946-1A56-40F8-BF2A-08D09340D6DE}.Debug|Any CPU.ActiveCfg = Debug|Any CPU
		{89E27946-1A56-40F8-BF2A-08D09340D6DE}.Debug|Any CPU.Build.0 = Debug|Any CPU
		{89E27946-1A56-40F8-BF2A-08D09340D6DE}.Release|Any CPU.ActiveCfg = Release|Any CPU
		{89E27946-1A56-40F8-BF2A-08D09340D6DE}.Release|Any CPU.Build.0 = Release|Any CPU
		{4980D082-87B4-4F70-9D04-DFAC56B86556}.Debug|Any CPU.ActiveCfg = Debug|Any CPU
		{4980D082-87B4-4F70-9D04-DFAC56B86556}.Debug|Any CPU.Build.0 = Debug|Any CPU
		{4980D082-87B4-4F70-9D04-DFAC56B86556}.Release|Any CPU.ActiveCfg = Release|Any CPU
		{4980D082-87B4-4F70-9D04-DFAC56B86556}.Release|Any CPU.Build.0 = Release|Any CPU
	EndGlobalSection
	GlobalSection(SolutionProperties) = preSolution
		HideSolutionNode = FALSE
	EndGlobalSection
	GlobalSection(ExtensibilityGlobals) = postSolution
		SolutionGuid = {C37C8413-FBEB-4707-9D3B-8B1EB6BE985F}
	EndGlobalSection
EndGlobal
